
Microsoft Visual Studio Solution File, Format Version 9.00
# Visual Studio 2005
Project("{2150E333-8FDC-42A3-9474-1A3956D46DE8}") = "src", "src", "{74CD9594-0648-4B41-B97C-520344BA97B0}"
EndProject
Project("{FAE04EC0-301F-11D3-BF4B-00C04F79EFBC}") = "Beagle.Util", "src\Beagle.Util\Beagle.Util.csproj", "{EED7CCE3-A6A2-4163-ACBC-0CA649070432}"
EndProject
Project("{FAE04EC0-301F-11D3-BF4B-00C04F79EFBC}") = "Beagle", "src\Beagle\Beagle.csproj", "{F6C2E799-417F-4C13-B5A8-47B98A9B7733}"
EndProject
Project("{FAE04EC0-301F-11D3-BF4B-00C04F79EFBC}") = "Beagle.Filters", "src\Beagle.Filters\Beagle.Filters.csproj", "{3623F28A-0A8E-4CAD-AA67-BE126D2EE09A}"
EndProject
Project("{FAE04EC0-301F-11D3-BF4B-00C04F79EFBC}") = "Beagle.Engine", "src\Beagle.Engine\Beagle.Engine.csproj", "{83DA33E0-4B7E-4A1F-825F-D75D65413DE0}"
EndProject
Project("{FAE04EC0-301F-11D3-BF4B-00C04F79EFBC}") = "Beagle.Daemon", "src\Beagle.Daemon\Beagle.Daemon.csproj", "{82422CAA-5716-4D1A-A0C8-97906A46FED3}"
EndProject
Global
	GlobalSection(SolutionConfigurationPlatforms) = preSolution
		Debug|Any CPU = Debug|Any CPU
		Release|Any CPU = Release|Any CPU
	EndGlobalSection
	GlobalSection(ProjectConfigurationPlatforms) = postSolution
		{EED7CCE3-A6A2-4163-ACBC-0CA649070432}.Debug|Any CPU.ActiveCfg = Debug|Any CPU
		{EED7CCE3-A6A2-4163-ACBC-0CA649070432}.Debug|Any CPU.Build.0 = Debug|Any CPU
		{EED7CCE3-A6A2-4163-ACBC-0CA649070432}.Release|Any CPU.ActiveCfg = Release|Any CPU
		{EED7CCE3-A6A2-4163-ACBC-0CA649070432}.Release|Any CPU.Build.0 = Release|Any CPU
		{F6C2E799-417F-4C13-B5A8-47B98A9B7733}.Debug|Any CPU.ActiveCfg = Debug|Any CPU
		{F6C2E799-417F-4C13-B5A8-47B98A9B7733}.Debug|Any CPU.Build.0 = Debug|Any CPU
		{F6C2E799-417F-4C13-B5A8-47B98A9B7733}.Release|Any CPU.ActiveCfg = Release|Any CPU
		{F6C2E799-417F-4C13-B5A8-47B98A9B7733}.Release|Any CPU.Build.0 = Release|Any CPU
		{3623F28A-0A8E-4CAD-AA67-BE126D2EE09A}.Debug|Any CPU.ActiveCfg = Debug|Any CPU
		{3623F28A-0A8E-4CAD-AA67-BE126D2EE09A}.Debug|Any CPU.Build.0 = Debug|Any CPU
		{3623F28A-0A8E-4CAD-AA67-BE126D2EE09A}.Release|Any CPU.ActiveCfg = Release|Any CPU
		{3623F28A-0A8E-4CAD-AA67-BE126D2EE09A}.Release|Any CPU.Build.0 = Release|Any CPU
		{83DA33E0-4B7E-4A1F-825F-D75D65413DE0}.Debug|Any CPU.ActiveCfg = Debug|Any CPU
		{83DA33E0-4B7E-4A1F-825F-D75D65413DE0}.Debug|Any CPU.Build.0 = Debug|Any CPU
		{83DA33E0-4B7E-4A1F-825F-D75D65413DE0}.Release|Any CPU.ActiveCfg = Release|Any CPU
		{83DA33E0-4B7E-4A1F-825F-D75D65413DE0}.Release|Any CPU.Build.0 = Release|Any CPU
		{82422CAA-5716-4D1A-A0C8-97906A46FED3}.Debug|Any CPU.ActiveCfg = Debug|Any CPU
		{82422CAA-5716-4D1A-A0C8-97906A46FED3}.Debug|Any CPU.Build.0 = Debug|Any CPU
		{82422CAA-5716-4D1A-A0C8-97906A46FED3}.Release|Any CPU.ActiveCfg = Release|Any CPU
		{82422CAA-5716-4D1A-A0C8-97906A46FED3}.Release|Any CPU.Build.0 = Release|Any CPU
	EndGlobalSection
	GlobalSection(SolutionProperties) = preSolution
		HideSolutionNode = FALSE
	EndGlobalSection
	GlobalSection(NestedProjects) = preSolution
		{EED7CCE3-A6A2-4163-ACBC-0CA649070432} = {74CD9594-0648-4B41-B97C-520344BA97B0}
		{F6C2E799-417F-4C13-B5A8-47B98A9B7733} = {74CD9594-0648-4B41-B97C-520344BA97B0}
		{3623F28A-0A8E-4CAD-AA67-BE126D2EE09A} = {74CD9594-0648-4B41-B97C-520344BA97B0}
		{83DA33E0-4B7E-4A1F-825F-D75D65413DE0} = {74CD9594-0648-4B41-B97C-520344BA97B0}
		{82422CAA-5716-4D1A-A0C8-97906A46FED3} = {74CD9594-0648-4B41-B97C-520344BA97B0}
	EndGlobalSection
EndGlobal
