
Microsoft Visual Studio Solution File, Format Version 9.00
# Visual Studio 2005
Project("{FAE04EC0-301F-11D3-BF4B-00C04F79EFBC}") = "BansheeQueryable", "BansheeQueryable.csproj", "{D2AC3E46-E166-463B-8DB6-5E811D2D0B68}"
EndProject
Global
	GlobalSection(SolutionConfigurationPlatforms) = preSolution
		Debug|Any CPU = Debug|Any CPU
	EndGlobalSection
	GlobalSection(ProjectConfigurationPlatforms) = postSolution
		{D2AC3E46-E166-463B-8DB6-5E811D2D0B68}.Debug|Any CPU.ActiveCfg = Debug|Any CPU
		{D2AC3E46-E166-463B-8DB6-5E811D2D0B68}.Debug|Any CPU.Build.0 = Debug|Any CPU
	EndGlobalSection
	GlobalSection(MonoDevelopProperties) = preSolution
		name = BansheeQueryable
		StartupItem = BansheeQueryable.csproj
	EndGlobalSection
EndGlobal
